
Microsoft Visual Studio Solution File, Format Version 12.00
# Visual Studio 2013
VisualStudioVersion = 12.0.40629.0
MinimumVisualStudioVersion = 10.0.40219.1
Project("{FAE04EC0-301F-11D3-BF4B-00C04F79EFBC}") = "HRIS-Basic", "HRIS-Basic\HRIS-Basic.csproj", "{75C055D5-BF53-4478-8B8E-02DC90C4440F}"
EndProject
Project("{FAE04EC0-301F-11D3-BF4B-00C04F79EFBC}") = "SRV", "SRV\SRV.csproj", "{34D22980-A65F-490F-8684-EB2EA8D36B53}"
EndProject
Global
	GlobalSection(SolutionConfigurationPlatforms) = preSolution
		Debug|Any CPU = Debug|Any CPU
		Release|Any CPU = Release|Any CPU
	EndGlobalSection
	GlobalSection(ProjectConfigurationPlatforms) = postSolution
		{75C055D5-BF53-4478-8B8E-02DC90C4440F}.Debug|Any CPU.ActiveCfg = Debug|Any CPU
		{75C055D5-BF53-4478-8B8E-02DC90C4440F}.Debug|Any CPU.Build.0 = Debug|Any CPU
		{75C055D5-BF53-4478-8B8E-02DC90C4440F}.Release|Any CPU.ActiveCfg = Release|Any CPU
		{75C055D5-BF53-4478-8B8E-02DC90C4440F}.Release|Any CPU.Build.0 = Release|Any CPU
		{34D22980-A65F-490F-8684-EB2EA8D36B53}.Debug|Any CPU.ActiveCfg = Debug|Any CPU
		{34D22980-A65F-490F-8684-EB2EA8D36B53}.Debug|Any CPU.Build.0 = Debug|Any CPU
		{34D22980-A65F-490F-8684-EB2EA8D36B53}.Release|Any CPU.ActiveCfg = Release|Any CPU
		{34D22980-A65F-490F-8684-EB2EA8D36B53}.Release|Any CPU.Build.0 = Release|Any CPU
	EndGlobalSection
	GlobalSection(SolutionProperties) = preSolution
		HideSolutionNode = FALSE
	EndGlobalSection
EndGlobal
